
Microsoft Visual Studio Solution File, Format Version 12.00
# Visual Studio 14
VisualStudioVersion = 14.0.25420.1
MinimumVisualStudioVersion = 10.0.40219.1
Project("{F2A71F9B-5D33-465A-A702-920D77279786}") = "PatternMatching", "Source\PatternMatching\PatternMatching.fsproj", "{5003C306-D362-46BE-9675-8CA20534D6C3}"
EndProject
Project("{2150E333-8FDC-42A3-9474-1A3956D46DE8}") = "Solution Items", "Solution Items", "{E47D8EF4-5CA3-4BD9-8DD0-102486948A14}"
	ProjectSection(SolutionItems) = preProject
		.gitattributes = .gitattributes
		.gitignore = .gitignore
		LICENSE.md = LICENSE.md
		README.md = README.md
	EndProjectSection
EndProject
Project("{F2A71F9B-5D33-465A-A702-920D77279786}") = "OutOfTheBox", "OutOfTheBox\OutOfTheBox.fsproj", "{F456A258-E8A0-41C6-B7AD-A196B3698F55}"
EndProject
Project("{F2A71F9B-5D33-465A-A702-920D77279786}") = "Wrappers", "Wrappers\Wrappers.fsproj", "{061BF6CB-D0C6-4158-9DDE-D327D798C0AA}"
EndProject
Project("{F2A71F9B-5D33-465A-A702-920D77279786}") = "PartialApplication", "PartialApplication\PartialApplication.fsproj", "{098CA42C-BFE4-4572-83EC-59F376E206B6}"
EndProject
Project("{F2A71F9B-5D33-465A-A702-920D77279786}") = "ActivePatterns", "ActivePatterns\ActivePatterns.fsproj", "{9A6C6C66-C9E1-4C8A-A1D0-20D4FCCF315E}"
EndProject
Project("{F2A71F9B-5D33-465A-A702-920D77279786}") = "Immutability", "Immutability\Immutability.fsproj", "{C88E1E9B-5855-4DE8-9723-AC86B3727712}"
EndProject
Global
	GlobalSection(SolutionConfigurationPlatforms) = preSolution
		Debug|Any CPU = Debug|Any CPU
		Release|Any CPU = Release|Any CPU
	EndGlobalSection
	GlobalSection(ProjectConfigurationPlatforms) = postSolution
		{5003C306-D362-46BE-9675-8CA20534D6C3}.Debug|Any CPU.ActiveCfg = Debug|Any CPU
		{5003C306-D362-46BE-9675-8CA20534D6C3}.Debug|Any CPU.Build.0 = Debug|Any CPU
		{5003C306-D362-46BE-9675-8CA20534D6C3}.Release|Any CPU.ActiveCfg = Release|Any CPU
		{5003C306-D362-46BE-9675-8CA20534D6C3}.Release|Any CPU.Build.0 = Release|Any CPU
		{F456A258-E8A0-41C6-B7AD-A196B3698F55}.Debug|Any CPU.ActiveCfg = Debug|Any CPU
		{F456A258-E8A0-41C6-B7AD-A196B3698F55}.Debug|Any CPU.Build.0 = Debug|Any CPU
		{F456A258-E8A0-41C6-B7AD-A196B3698F55}.Release|Any CPU.ActiveCfg = Release|Any CPU
		{F456A258-E8A0-41C6-B7AD-A196B3698F55}.Release|Any CPU.Build.0 = Release|Any CPU
		{061BF6CB-D0C6-4158-9DDE-D327D798C0AA}.Debug|Any CPU.ActiveCfg = Debug|Any CPU
		{061BF6CB-D0C6-4158-9DDE-D327D798C0AA}.Debug|Any CPU.Build.0 = Debug|Any CPU
		{061BF6CB-D0C6-4158-9DDE-D327D798C0AA}.Release|Any CPU.ActiveCfg = Release|Any CPU
		{061BF6CB-D0C6-4158-9DDE-D327D798C0AA}.Release|Any CPU.Build.0 = Release|Any CPU
		{098CA42C-BFE4-4572-83EC-59F376E206B6}.Debug|Any CPU.ActiveCfg = Debug|Any CPU
		{098CA42C-BFE4-4572-83EC-59F376E206B6}.Debug|Any CPU.Build.0 = Debug|Any CPU
		{098CA42C-BFE4-4572-83EC-59F376E206B6}.Release|Any CPU.ActiveCfg = Release|Any CPU
		{098CA42C-BFE4-4572-83EC-59F376E206B6}.Release|Any CPU.Build.0 = Release|Any CPU
		{9A6C6C66-C9E1-4C8A-A1D0-20D4FCCF315E}.Debug|Any CPU.ActiveCfg = Debug|Any CPU
		{9A6C6C66-C9E1-4C8A-A1D0-20D4FCCF315E}.Debug|Any CPU.Build.0 = Debug|Any CPU
		{9A6C6C66-C9E1-4C8A-A1D0-20D4FCCF315E}.Release|Any CPU.ActiveCfg = Release|Any CPU
		{9A6C6C66-C9E1-4C8A-A1D0-20D4FCCF315E}.Release|Any CPU.Build.0 = Release|Any CPU
		{C88E1E9B-5855-4DE8-9723-AC86B3727712}.Debug|Any CPU.ActiveCfg = Debug|Any CPU
		{C88E1E9B-5855-4DE8-9723-AC86B3727712}.Debug|Any CPU.Build.0 = Debug|Any CPU
		{C88E1E9B-5855-4DE8-9723-AC86B3727712}.Release|Any CPU.ActiveCfg = Release|Any CPU
		{C88E1E9B-5855-4DE8-9723-AC86B3727712}.Release|Any CPU.Build.0 = Release|Any CPU
	EndGlobalSection
	GlobalSection(SolutionProperties) = preSolution
		HideSolutionNode = FALSE
	EndGlobalSection
EndGlobal
